// !$*UTF8*$!
{
	archiveVersion = 1;
	classes = {
	};
	objectVersion = 56;
	objects = {

/* Begin PBXBuildFile section */
		7627F00928D90A6800C35152 /* AppDelegate.swift in Sources */ = {isa = PBXBuildFile; fileRef = 7627F00828D90A6800C35152 /* AppDelegate.swift */; };
		7627F00B28D90A6800C35152 /* SceneDelegate.swift in Sources */ = {isa = PBXBuildFile; fileRef = 7627F00A28D90A6800C35152 /* SceneDelegate.swift */; };
		7627F00D28D90A6800C35152 /* ViewController.swift in Sources */ = {isa = PBXBuildFile; fileRef = 7627F00C28D90A6800C35152 /* ViewController.swift */; };
		7627F01028D90A6800C35152 /* Main.storyboard in Resources */ = {isa = PBXBuildFile; fileRef = 7627F00E28D90A6800C35152 /* Main.storyboard */; };
		7627F01228D90A6A00C35152 /* Assets.xcassets in Resources */ = {isa = PBXBuildFile; fileRef = 7627F01128D90A6A00C35152 /* Assets.xcassets */; };
		7627F01528D90A6A00C35152 /* LaunchScreen.storyboard in Resources */ = {isa = PBXBuildFile; fileRef = 7627F01328D90A6A00C35152 /* LaunchScreen.storyboard */; };
		7627F02228D90AE400C35152 /* DataProduct.swift in Sources */ = {isa = PBXBuildFile; fileRef = 7627F02128D90AE400C35152 /* DataProduct.swift */; };
		7627F02428D90AEC00C35152 /* ProductDetailTableViewCell.swift in Sources */ = {isa = PBXBuildFile; fileRef = 7627F02328D90AEC00C35152 /* ProductDetailTableViewCell.swift */; };
		7627F02628D90AF500C35152 /* WarningVC.swift in Sources */ = {isa = PBXBuildFile; fileRef = 7627F02528D90AF500C35152 /* WarningVC.swift */; };
		7627F02828D90AFA00C35152 /* WarningScreen.swift in Sources */ = {isa = PBXBuildFile; fileRef = 7627F02728D90AFA00C35152 /* WarningScreen.swift */; };
/* End PBXBuildFile section */

/* Begin PBXFileReference section */
		7627F00528D90A6800C35152 /* CustomTableViewCell.app */ = {isa = PBXFileReference; explicitFileType = wrapper.application; includeInIndex = 0; path = CustomTableViewCell.app; sourceTree = BUILT_PRODUCTS_DIR; };
		7627F00828D90A6800C35152 /* AppDelegate.swift */ = {isa = PBXFileReference; lastKnownFileType = sourcecode.swift; path = AppDelegate.swift; sourceTree = "<group>"; };
		7627F00A28D90A6800C35152 /* SceneDelegate.swift */ = {isa = PBXFileReference; lastKnownFileType = sourcecode.swift; path = SceneDelegate.swift; sourceTree = "<group>"; };
		7627F00C28D90A6800C35152 /* ViewController.swift */ = {isa = PBXFileReference; lastKnownFileType = sourcecode.swift; path = ViewController.swift; sourceTree = "<group>"; };
		7627F00F28D90A6800C35152 /* Base */ = {isa = PBXFileReference; lastKnownFileType = file.storyboard; name = Base; path = Base.lproj/Main.storyboard; sourceTree = "<group>"; };
		7627F01128D90A6A00C35152 /* Assets.xcassets */ = {isa = PBXFileReference; lastKnownFileType = folder.assetcatalog; path = Assets.xcassets; sourceTree = "<group>"; };
		7627F01428D90A6A00C35152 /* Base */ = {isa = PBXFileReference; lastKnownFileType = file.storyboard; name = Base; path = Base.lproj/LaunchScreen.storyboard; sourceTree = "<group>"; };
		7627F01628D90A6A00C35152 /* Info.plist */ = {isa = PBXFileReference; lastKnownFileType = text.plist.xml; path = Info.plist; sourceTree = "<group>"; };
		7627F02128D90AE400C35152 /* DataProduct.swift */ = {isa = PBXFileReference; fileEncoding = 4; lastKnownFileType = sourcecode.swift; path = DataProduct.swift; sourceTree = "<group>"; };
		7627F02328D90AEC00C35152 /* ProductDetailTableViewCell.swift */ = {isa = PBXFileReference; fileEncoding = 4; lastKnownFileType = sourcecode.swift; path = ProductDetailTableViewCell.swift; sourceTree = "<group>"; };
		7627F02528D90AF500C35152 /* WarningVC.swift */ = {isa = PBXFileReference; fileEncoding = 4; lastKnownFileType = sourcecode.swift; path = WarningVC.swift; sourceTree = "<group>"; };
		7627F02728D90AFA00C35152 /* WarningScreen.swift */ = {isa = PBXFileReference; fileEncoding = 4; lastKnownFileType = sourcecode.swift; path = WarningScreen.swift; sourceTree = "<group>"; };
/* End PBXFileReference section */

/* Begin PBXFrameworksBuildPhase section */
		7627F00228D90A6800C35152 /* Frameworks */ = {
			isa = PBXFrameworksBuildPhase;
			buildActionMask = 2147483647;
			files = (
			);
			runOnlyForDeploymentPostprocessing = 0;
		};
/* End PBXFrameworksBuildPhase section */

/* Begin PBXGroup section */
		7627EFFC28D90A6800C35152 = {
			isa = PBXGroup;
			children = (
				7627F00728D90A6800C35152 /* CustomTableViewCell */,
				7627F00628D90A6800C35152 /* Products */,
			);
			sourceTree = "<group>";
		};
		7627F00628D90A6800C35152 /* Products */ = {
			isa = PBXGroup;
			children = (
				7627F00528D90A6800C35152 /* CustomTableViewCell.app */,
			);
			name = Products;
			sourceTree = "<group>";
		};
		7627F00728D90A6800C35152 /* CustomTableViewCell */ = {
			isa = PBXGroup;
			children = (
				7627F01C28D90A7D00C35152 /* NotificationStage */,
				7627F00828D90A6800C35152 /* AppDelegate.swift */,
				7627F00A28D90A6800C35152 /* SceneDelegate.swift */,
				7627F00C28D90A6800C35152 /* ViewController.swift */,
				7627F00E28D90A6800C35152 /* Main.storyboard */,
				7627F01128D90A6A00C35152 /* Assets.xcassets */,
				7627F01328D90A6A00C35152 /* LaunchScreen.storyboard */,
				7627F01628D90A6A00C35152 /* Info.plist */,
			);
			path = CustomTableViewCell;
			sourceTree = "<group>";
		};
		7627F01C28D90A7D00C35152 /* NotificationStage */ = {
			isa = PBXGroup;
			children = (
				7627F02028D90AC400C35152 /* WarningScreen */,
				7627F01F28D90AA000C35152 /* WarningVC */,
				7627F01E28D90A9600C35152 /* Cell */,
				7627F01D28D90A8E00C35152 /* Model */,
			);
			path = NotificationStage;
			sourceTree = "<group>";
		};
		7627F01D28D90A8E00C35152 /* Model */ = {
			isa = PBXGroup;
			children = (
				7627F02128D90AE400C35152 /* DataProduct.swift */,
			);
			path = Model;
			sourceTree = "<group>";
		};
		7627F01E28D90A9600C35152 /* Cell */ = {
			isa = PBXGroup;
			children = (
				7627F02328D90AEC00C35152 /* ProductDetailTableViewCell.swift */,
			);
			path = Cell;
			sourceTree = "<group>";
		};
		7627F01F28D90AA000C35152 /* WarningVC */ = {
			isa = PBXGroup;
			children = (
				7627F02528D90AF500C35152 /* WarningVC.swift */,
			);
			path = WarningVC;
			sourceTree = "<group>";
		};
		7627F02028D90AC400C35152 /* WarningScreen */ = {
			isa = PBXGroup;
			children = (
				7627F02728D90AFA00C35152 /* WarningScreen.swift */,
			);
			path = WarningScreen;
			sourceTree = "<group>";
		};
/* End PBXGroup section */

/* Begin PBXNativeTarget section */
		7627F00428D90A6800C35152 /* CustomTableViewCell */ = {
			isa = PBXNativeTarget;
			buildConfigurationList = 7627F01928D90A6A00C35152 /* Build configuration list for PBXNativeTarget "CustomTableViewCell" */;
			buildPhases = (
				7627F00128D90A6800C35152 /* Sources */,
				7627F00228D90A6800C35152 /* Frameworks */,
				7627F00328D90A6800C35152 /* Resources */,
			);
			buildRules = (
			);
			dependencies = (
			);
			name = CustomTableViewCell;
			productName = CustomTableViewCell;
			productReference = 7627F00528D90A6800C35152 /* CustomTableViewCell.app */;
			productType = "com.apple.product-type.application";
		};
/* End PBXNativeTarget section */

/* Begin PBXProject section */
		7627EFFD28D90A6800C35152 /* Project object */ = {
			isa = PBXProject;
			attributes = {
				BuildIndependentTargetsInParallel = 1;
				LastSwiftUpdateCheck = 1400;
				LastUpgradeCheck = 1400;
				TargetAttributes = {
					7627F00428D90A6800C35152 = {
						CreatedOnToolsVersion = 14.0;
					};
				};
			};
			buildConfigurationList = 7627F00028D90A6800C35152 /* Build configuration list for PBXProject "CustomTableViewCell" */;
			compatibilityVersion = "Xcode 14.0";
			developmentRegion = en;
			hasScannedForEncodings = 0;
			knownRegions = (
				en,
				Base,
			);
			mainGroup = 7627EFFC28D90A6800C35152;
			productRefGroup = 7627F00628D90A6800C35152 /* Products */;
			projectDirPath = "";
			projectRoot = "";
			targets = (
				7627F00428D90A6800C35152 /* CustomTableViewCell */,
			);
		};
/* End PBXProject section */

/* Begin PBXResourcesBuildPhase section */
		7627F00328D90A6800C35152 /* Resources */ = {
			isa = PBXResourcesBuildPhase;
			buildActionMask = 2147483647;
			files = (
				7627F01528D90A6A00C35152 /* LaunchScreen.storyboard in Resources */,
				7627F01228D90A6A00C35152 /* Assets.xcassets in Resources */,
				7627F01028D90A6800C35152 /* Main.storyboard in Resources */,
			);
			runOnlyForDeploymentPostprocessing = 0;
		};
/* End PBXResourcesBuildPhase section */

/* Begin PBXSourcesBuildPhase section */
		7627F00128D90A6800C35152 /* Sources */ = {
			isa = PBXSourcesBuildPhase;
			buildActionMask = 2147483647;
			files = (
				7627F00D28D90A6800C35152 /* ViewController.swift in Sources */,
				7627F00928D90A6800C35152 /* AppDelegate.swift in Sources */,
				7627F00B28D90A6800C35152 /* SceneDelegate.swift in Sources */,
				7627F02828D90AFA00C35152 /* WarningScreen.swift in Sources */,
				7627F02428D90AEC00C35152 /* ProductDetailTableViewCell.swift in Sources */,
				7627F02228D90AE400C35152 /* DataProduct.swift in Sources */,
				7627F02628D90AF500C35152 /* WarningVC.swift in Sources */,
			);
			runOnlyForDeploymentPostprocessing = 0;
		};
/* End PBXSourcesBuildPhase section */

/* Begin PBXVariantGroup section */
		7627F00E28D90A6800C35152 /* Main.storyboard */ = {
			isa = PBXVariantGroup;
			children = (
				7627F00F28D90A6800C35152 /* Base */,
			);
			name = Main.storyboard;
			sourceTree = "<group>";
		};
		7627F01328D90A6A00C35152 /* LaunchScreen.storyboard */ = {
			isa = PBXVariantGroup;
			children = (
				7627F01428D90A6A00C35152 /* Base */,
			);
			name = LaunchScreen.storyboard;
			sourceTree = "<group>";
		};
/* End PBXVariantGroup section */

/* Begin XCBuildConfiguration section */
		7627F01728D90A6A00C35152 /* Debug */ = {
			isa = XCBuildConfiguration;
			buildSettings = {
				ALWAYS_SEARCH_USER_PATHS = NO;
				CLANG_ANALYZER_NONNULL = YES;
				CLANG_ANALYZER_NUMBER_OBJECT_CONVERSION = YES_AGGRESSIVE;
				CLANG_CXX_LANGUAGE_STANDARD = "gnu++20";
				CLANG_ENABLE_MODULES = YES;
				CLANG_ENABLE_OBJC_ARC = YES;
				CLANG_ENABLE_OBJC_WEAK = YES;
				CLANG_WARN_BLOCK_CAPTURE_AUTORELEASING = YES;
				CLANG_WARN_BOOL_CONVERSION = YES;
				CLANG_WARN_COMMA = YES;
				CLANG_WARN_CONSTANT_CONVERSION = YES;
				CLANG_WARN_DEPRECATED_OBJC_IMPLEMENTATIONS = YES;
				CLANG_WARN_DIRECT_OBJC_ISA_USAGE = YES_ERROR;
				CLANG_WARN_DOCUMENTATION_COMMENTS = YES;
				CLANG_WARN_EMPTY_BODY = YES;
				CLANG_WARN_ENUM_CONVERSION = YES;
				CLANG_WARN_INFINITE_RECURSION = YES;
				CLANG_WARN_INT_CONVERSION = YES;
				CLANG_WARN_NON_LITERAL_NULL_CONVERSION = YES;
				CLANG_WARN_OBJC_IMPLICIT_RETAIN_SELF = YES;
				CLANG_WARN_OBJC_LITERAL_CONVERSION = YES;
				CLANG_WARN_OBJC_ROOT_CLASS = YES_ERROR;
				CLANG_WARN_QUOTED_INCLUDE_IN_FRAMEWORK_HEADER = YES;
				CLANG_WARN_RANGE_LOOP_ANALYSIS = YES;
				CLANG_WARN_STRICT_PROTOTYPES = YES;
				CLANG_WARN_SUSPICIOUS_MOVE = YES;
				CLANG_WARN_UNGUARDED_AVAILABILITY = YES_AGGRESSIVE;
				CLANG_WARN_UNREACHABLE_CODE = YES;
				CLANG_WARN__DUPLICATE_METHOD_MATCH = YES;
				COPY_PHASE_STRIP = NO;
				DEBUG_INFORMATION_FORMAT = dwarf;
				ENABLE_STRICT_OBJC_MSGSEND = YES;
				ENABLE_TESTABILITY = YES;
				GCC_C_LANGUAGE_STANDARD = gnu11;
				GCC_DYNAMIC_NO_PIC = NO;
				GCC_NO_COMMON_BLOCKS = YES;
				GCC_OPTIMIZATION_LEVEL = 0;
				GCC_PREPROCESSOR_DEFINITIONS = (
					"DEBUG=1",
					"$(inherited)",
				);
				GCC_WARN_64_TO_32_BIT_CONVERSION = YES;
				GCC_WARN_ABOUT_RETURN_TYPE = YES_ERROR;
				GCC_WARN_UNDECLARED_SELECTOR = YES;
				GCC_WARN_UNINITIALIZED_AUTOS = YES_AGGRESSIVE;
				GCC_WARN_UNUSED_FUNCTION = YES;
				GCC_WARN_UNUSED_VARIABLE = YES;
				IPHONEOS_DEPLOYMENT_TARGET = 16.0;
				MTL_ENABLE_DEBUG_INFO = INCLUDE_SOURCE;
				MTL_FAST_MATH = YES;
				ONLY_ACTIVE_ARCH = YES;
				SDKROOT = iphoneos;
				SWIFT_ACTIVE_COMPILATION_CONDITIONS = DEBUG;
				SWIFT_OPTIMIZATION_LEVEL = "-Onone";
			};
			name = Debug;
		};
		7627F01828D90A6A00C35152 /* Release */ = {
			isa = XCBuildConfiguration;
			buildSettings = {
				ALWAYS_SEARCH_USER_PATHS = NO;
				CLANG_ANALYZER_NONNULL = YES;
				CLANG_ANALYZER_NUMBER_OBJECT_CONVERSION = YES_AGGRESSIVE;
				CLANG_CXX_LANGUAGE_STANDARD = "gnu++20";
				CLANG_ENABLE_MODULES = YES;
				CLANG_ENABLE_OBJC_ARC = YES;
				CLANG_ENABLE_OBJC_WEAK = YES;
				CLANG_WARN_BLOCK_CAPTURE_AUTORELEASING = YES;
				CLANG_WARN_BOOL_CONVERSION = YES;
				CLANG_WARN_COMMA = YES;
				CLANG_WARN_CONSTANT_CONVERSION = YES;
				CLANG_WARN_DEPRECATED_OBJC_IMPLEMENTATIONS = YES;
				CLANG_WARN_DIRECT_OBJC_ISA_USAGE = YES_ERROR;
				CLANG_WARN_DOCUMENTATION_COMMENTS = YES;
				CLANG_WARN_EMPTY_BODY = YES;
				CLANG_WARN_ENUM_CONVERSION = YES;
				CLANG_WARN_INFINITE_RECURSION = YES;
				CLANG_WARN_INT_CONVERSION = YES;
				CLANG_WARN_NON_LITERAL_NULL_CONVERSION = YES;
				CLANG_WARN_OBJC_IMPLICIT_RETAIN_SELF = YES;
				CLANG_WARN_OBJC_LITERAL_CONVERSION = YES;
				CLANG_WARN_OBJC_ROOT_CLASS = YES_ERROR;
				CLANG_WARN_QUOTED_INCLUDE_IN_FRAMEWORK_HEADER = YES;
				CLANG_WARN_RANGE_LOOP_ANALYSIS = YES;
				CLANG_WARN_STRICT_PROTOTYPES = YES;
				CLANG_WARN_SUSPICIOUS_MOVE = YES;
				CLANG_WARN_UNGUARDED_AVAILABILITY = YES_AGGRESSIVE;
				CLANG_WARN_UNREACHABLE_CODE = YES;
				CLANG_WARN__DUPLICATE_METHOD_MATCH = YES;
				COPY_PHASE_STRIP = NO;
				DEBUG_INFORMATION_FORMAT = "dwarf-with-dsym";
				ENABLE_NS_ASSERTIONS = NO;
				ENABLE_STRICT_OBJC_MSGSEND = YES;
				GCC_C_LANGUAGE_STANDARD = gnu11;
				GCC_NO_COMMON_BLOCKS = YES;
				GCC_WARN_64_TO_32_BIT_CONVERSION = YES;
				GCC_WARN_ABOUT_RETURN_TYPE = YES_ERROR;
				GCC_WARN_UNDECLARED_SELECTOR = YES;
				GCC_WARN_UNINITIALIZED_AUTOS = YES_AGGRESSIVE;
				GCC_WARN_UNUSED_FUNCTION = YES;
				GCC_WARN_UNUSED_VARIABLE = YES;
				IPHONEOS_DEPLOYMENT_TARGET = 16.0;
				MTL_ENABLE_DEBUG_INFO = NO;
				MTL_FAST_MATH = YES;
				SDKROOT = iphoneos;
				SWIFT_COMPILATION_MODE = wholemodule;
				SWIFT_OPTIMIZATION_LEVEL = "-O";
				VALIDATE_PRODUCT = YES;
			};
			name = Release;
		};
		7627F01A28D90A6A00C35152 /* Debug */ = {
			isa = XCBuildConfiguration;
			buildSettings = {
				ASSETCATALOG_COMPILER_APPICON_NAME = AppIcon;
				ASSETCATALOG_COMPILER_GLOBAL_ACCENT_COLOR_NAME = AccentColor;
				CODE_SIGN_STYLE = Automatic;
				CURRENT_PROJECT_VERSION = 1;
				DEVELOPMENT_TEAM = B4R97N34U3;
				GENERATE_INFOPLIST_FILE = YES;
				INFOPLIST_FILE = CustomTableViewCell/Info.plist;
				INFOPLIST_KEY_UIApplicationSupportsIndirectInputEvents = YES;
				INFOPLIST_KEY_UILaunchStoryboardName = LaunchScreen;
				INFOPLIST_KEY_UIMainStoryboardFile = Main;
				INFOPLIST_KEY_UISupportedInterfaceOrientations_iPad = "UIInterfaceOrientationPortrait UIInterfaceOrientationPortraitUpsideDown UIInterfaceOrientationLandscapeLeft UIInterfaceOrientationLandscapeRight";
				INFOPLIST_KEY_UISupportedInterfaceOrientations_iPhone = "UIInterfaceOrientationPortrait UIInterfaceOrientationLandscapeLeft UIInterfaceOrientationLandscapeRight";
				LD_RUNPATH_SEARCH_PATHS = (
					"$(inherited)",
					"@executable_path/Frameworks",
				);
				MARKETING_VERSION = 1.0;
				PRODUCT_BUNDLE_IDENTIFIER = com.a1.CustomTableViewCell;
				PRODUCT_NAME = "$(TARGET_NAME)";
				SWIFT_EMIT_LOC_STRINGS = YES;
				SWIFT_VERSION = 5.0;
				TARGETED_DEVICE_FAMILY = "1,2";
			};
			name = Debug;
		};
		7627F01B28D90A6A00C35152 /* Release */ = {
			isa = XCBuildConfiguration;
			buildSettings = {
				ASSETCATALOG_COMPILER_APPICON_NAME = AppIcon;
				ASSETCATALOG_COMPILER_GLOBAL_ACCENT_COLOR_NAME = AccentColor;
				CODE_SIGN_STYLE = Automatic;
				CURRENT_PROJECT_VERSION = 1;
				DEVELOPMENT_TEAM = B4R97N34U3;
				GENERATE_INFOPLIST_FILE = YES;
				INFOPLIST_FILE = CustomTableViewCell/Info.plist;
				INFOPLIST_KEY_UIApplicationSupportsIndirectInputEvents = YES;
				INFOPLIST_KEY_UILaunchStoryboardName = LaunchScreen;
				INFOPLIST_KEY_UIMainStoryboardFile = Main;
				INFOPLIST_KEY_UISupportedInterfaceOrientations_iPad = "UIInterfaceOrientationPortrait UIInterfaceOrientationPortraitUpsideDown UIInterfaceOrientationLandscapeLeft UIInterfaceOrientationLandscapeRight";
				INFOPLIST_KEY_UISupportedInterfaceOrientations_iPhone = "UIInterfaceOrientationPortrait UIInterfaceOrientationLandscapeLeft UIInterfaceOrientationLandscapeRight";
				LD_RUNPATH_SEARCH_PATHS = (
					"$(inherited)",
					"@executable_path/Frameworks",
				);
				MARKETING_VERSION = 1.0;
				PRODUCT_BUNDLE_IDENTIFIER = com.a1.CustomTableViewCell;
				PRODUCT_NAME = "$(TARGET_NAME)";
				SWIFT_EMIT_LOC_STRINGS = YES;
				SWIFT_VERSION = 5.0;
				TARGETED_DEVICE_FAMILY = "1,2";
			};
			name = Release;
		};
/* End XCBuildConfiguration section */

/* Begin XCConfigurationList section */
		7627F00028D90A6800C35152 /* Build configuration list for PBXProject "CustomTableViewCell" */ = {
			isa = XCConfigurationList;
			buildConfigurations = (
				7627F01728D90A6A00C35152 /* Debug */,
				7627F01828D90A6A00C35152 /* Release */,
			);
			defaultConfigurationIsVisible = 0;
			defaultConfigurationName = Release;
		};
		7627F01928D90A6A00C35152 /* Build configuration list for PBXNativeTarget "CustomTableViewCell" */ = {
			isa = XCConfigurationList;
			buildConfigurations = (
				7627F01A28D90A6A00C35152 /* Debug */,
				7627F01B28D90A6A00C35152 /* Release */,
			);
			defaultConfigurationIsVisible = 0;
			defaultConfigurationName = Release;
		};
/* End XCConfigurationList section */
	};
	rootObject = 7627EFFD28D90A6800C35152 /* Project object */;
}
